<?xml version="1.0" encoding="utf-8"?>
<Project ToolsVersion="4.0" xmlns="http://schemas.microsoft.com/developer/msbuild/2003">
  <ItemGroup>
    <Filter Include="Source Files">
      <UniqueIdentifier>{4FC737F1-C7A5-4376-A066-2A32D752A2FF}</UniqueIdentifier>
      <Extensions>cpp;c;cc;cxx;c++;cppm;ixx;def;odl;idl;hpj;bat;asm;asmx</Extensions>
    </Filter>
    <Filter Include="Header Files">
      <UniqueIdentifier>{93995380-89BD-4b04-88EB-625FBE52EBFB}</UniqueIdentifier>
      <Extensions>h;hh;hpp;hxx;h++;hm;inl;inc;ipp;xsd</Extensions>
    </Filter>
    <Filter Include="Resource Files">
      <UniqueIdentifier>{67DA6AB6-F800-4c08-8B7A-83BB121AAD01}</UniqueIdentifier>
      <Extensions>rc;ico;cur;bmp;dlg;rc2;rct;bin;rgs;gif;jpg;jpeg;jpe;resx;tiff;tif;png;wav;mfcribbon-ms</Extensions>
    </Filter>
  </ItemGroup>
  <ItemGroup>
    <ClCompile Include="src\main.cpp">
      <Filter>Source Files</Filter>
    </ClCompile>
    <ClCompile Include="src\TrentInterpreter.cpp">
      <Filter>Source Files</Filter>
    </ClCompile>
    <ClCompile Include="src\AST\ASTNode.cpp">
      <Filter>Source Files</Filter>
    </ClCompile>
    <ClCompile Include="src\AST\ASTFunctionCallNode.cpp">
      <Filter>Source Files</Filter>
    </ClCompile>
    <ClCompile Include="src\AST\ASTExpressionNode.cpp">
      <Filter>Source Files</Filter>
    </ClCompile>
    <ClCompile Include="src\TrentStd\TrentStandardLibrary.cpp">
      <Filter>Source Files</Filter>
    </ClCompile>
    <ClCompile Include="src\AST\ASTLiteralValueNode.cpp">
      <Filter>Source Files</Filter>
    </ClCompile>
    <ClCompile Include="src\AST\ASTProgramNode.cpp">
      <Filter>Source Files</Filter>
    </ClCompile>
    <ClCompile Include="src\AST\ASTVariableDeclarationNode.cpp">
      <Filter>Source Files</Filter>
    </ClCompile>
    <ClCompile Include="src\AST\ASTVariableNode.cpp">
      <Filter>Source Files</Filter>
    </ClCompile>
    <ClCompile Include="src\AST\ASTBinaryOperatorNode.cpp">
      <Filter>Source Files</Filter>
    </ClCompile>
    <ClCompile Include="src\AST\ASTFunctionDeclarationNode.cpp">
      <Filter>Source Files</Filter>
    </ClCompile>
    <ClCompile Include="src\Parser\Token.cpp">
      <Filter>Source Files</Filter>
    </ClCompile>
    <ClCompile Include="src\Parser\TokenPool.cpp">
      <Filter>Source Files</Filter>
    </ClCompile>
    <ClCompile Include="src\Parser\IdentifierToken.cpp">
      <Filter>Source Files</Filter>
    </ClCompile>
    <ClCompile Include="src\Parser\SymbolToken.cpp">
      <Filter>Source Files</Filter>
    </ClCompile>
    <ClCompile Include="src\Parser\LiteralValueToken.cpp">
      <Filter>Source Files</Filter>
    </ClCompile>
    <ClCompile Include="src\AST\ASTAssignmentNode.cpp">
      <Filter>Source Files</Filter>
    </ClCompile>
    <ClCompile Include="src\Parser\KeywordToken.cpp">
      <Filter>Source Files</Filter>
    </ClCompile>
    <ClCompile Include="src\Parser\OperatorToken.cpp">
      <Filter>Source Files</Filter>
    </ClCompile>
    <ClCompile Include="src\Parser\TrentParser.cpp">
      <Filter>Source Files</Filter>
    </ClCompile>
    <ClCompile Include="src\Parser\TrentLexer.cpp">
      <Filter>Source Files</Filter>
    </ClCompile>
  </ItemGroup>
  <ItemGroup>
    <ClInclude Include="src\TrentInterpreter.h">
      <Filter>Header Files</Filter>
    </ClInclude>
    <ClInclude Include="src\AST\ASTNode.h">
      <Filter>Header Files</Filter>
    </ClInclude>
    <ClInclude Include="src\AST\ASTFunctionCallNode.h">
      <Filter>Header Files</Filter>
    </ClInclude>
    <ClInclude Include="src\AST\ASTExpressionNode.h">
      <Filter>Header Files</Filter>
    </ClInclude>
    <ClInclude Include="src\AST\AST.h">
      <Filter>Header Files</Filter>
    </ClInclude>
    <ClInclude Include="src\TrentStd\TrentStandardLibrary.h">
      <Filter>Header Files</Filter>
    </ClInclude>
    <ClInclude Include="src\AST\ASTLiteralValueNode.h">
      <Filter>Header Files</Filter>
    </ClInclude>
    <ClInclude Include="src\AST\ASTProgramNode.h">
      <Filter>Header Files</Filter>
    </ClInclude>
    <ClInclude Include="src\AST\ASTVariableDeclarationNode.h">
      <Filter>Header Files</Filter>
    </ClInclude>
    <ClInclude Include="src\AST\ASTVariableNode.h">
      <Filter>Header Files</Filter>
    </ClInclude>
    <ClInclude Include="src\AST\ASTBinaryOperatorNode.h">
      <Filter>Header Files</Filter>
    </ClInclude>
    <ClInclude Include="src\AST\ASTFunctionDeclarationNode.h">
      <Filter>Header Files</Filter>
    </ClInclude>
    <ClInclude Include="src\Parser\Token.h">
      <Filter>Header Files</Filter>
    </ClInclude>
    <ClInclude Include="src\Parser\TokenPool.h">
      <Filter>Header Files</Filter>
    </ClInclude>
    <ClInclude Include="src\Parser\IdentifierToken.h">
      <Filter>Header Files</Filter>
    </ClInclude>
    <ClInclude Include="src\Parser\SymbolToken.h">
      <Filter>Header Files</Filter>
    </ClInclude>
    <ClInclude Include="src\Parser\LiteralValueToken.h">
      <Filter>Header Files</Filter>
    </ClInclude>
    <ClInclude Include="src\AST\ASTAssignmentNode.h">
      <Filter>Header Files</Filter>
    </ClInclude>
    <ClInclude Include="src\Parser\KeywordToken.h">
      <Filter>Header Files</Filter>
    </ClInclude>
    <ClInclude Include="src\Parser\OperatorToken.h">
      <Filter>Header Files</Filter>
    </ClInclude>
    <ClInclude Include="src\Parser\TrentParser.h">
      <Filter>Header Files</Filter>
    </ClInclude>
    <ClInclude Include="src\Parser\TrentLexer.h">
      <Filter>Header Files</Filter>
    </ClInclude>
  </ItemGroup>
</Project>